
Microsoft Visual Studio Solution File, Format Version 12.00
# Visual Studio Version 17
VisualStudioVersion = 17.10.35013.160
MinimumVisualStudioVersion = 10.0.40219.1
Project("{9A19103F-16F7-4668-BE54-9A1E7A4F7556}") = "TrustWaveCarca", "TrustWaveCarca.csproj", "{DBC7478A-8179-45C3-BAD8-FE019AA2F250}"
EndProject
Global
	GlobalSection(SolutionConfigurationPlatforms) = preSolution
		Debug|Any CPU = Debug|Any CPU
		Release|Any CPU = Release|Any CPU
	EndGlobalSection
	GlobalSection(ProjectConfigurationPlatforms) = postSolution
		{DBC7478A-8179-45C3-BAD8-FE019AA2F250}.Debug|Any CPU.ActiveCfg = Debug|Any CPU
		{DBC7478A-8179-45C3-BAD8-FE019AA2F250}.Debug|Any CPU.Build.0 = Debug|Any CPU
		{DBC7478A-8179-45C3-BAD8-FE019AA2F250}.Release|Any CPU.ActiveCfg = Release|Any CPU
		{DBC7478A-8179-45C3-BAD8-FE019AA2F250}.Release|Any CPU.Build.0 = Release|Any CPU
	EndGlobalSection
	GlobalSection(SolutionProperties) = preSolution
		HideSolutionNode = FALSE
	EndGlobalSection
	GlobalSection(ExtensibilityGlobals) = postSolution
		SolutionGuid = {5475A3CE-61FA-4F2F-AFB5-825BBAF478F2}
	EndGlobalSection
EndGlobal
